{
  "name": "William-portfolio",
  "lockfileVersion": 2,
  "requires": true,
  "packages": {
    "": {
      "devDependencies": {
        "@unabridged/motion": "^0.7.1"
      }
    },
    "node_modules/@rails/actioncable": {
      "version": "7.1.3",
      "resolved": "https://registry.npmjs.org/@rails/actioncable/-/actioncable-7.1.3.tgz",
      "integrity": "sha512-ojNvnoZtPN0pYvVFtlO7dyEN9Oml1B6IDM+whGKVak69MMYW99lC2NOWXWeE3bmwEydbP/nn6ERcpfjHVjYQjA==",
      "dev": true
    },
    "node_modules/@unabridged/motion": {
      "version": "0.7.1",
      "resolved": "https://registry.npmjs.org/@unabridged/motion/-/motion-0.7.1.tgz",
      "integrity": "sha512-1CC2CZLQEXT0E+FGiEp6iYSAAUphAtAa7DNt0q4HuHxP3WVQch9zERAGjl9aWYSx5sVehB15s2g0nQ5+Euu13Q==",
      "dev": true,
      "hasInstallScript": true,
      "dependencies": {
        "@rails/actioncable": ">= 6.0",
        "morphdom": "^2.6.1"
      }
    },
    "node_modules/morphdom": {
      "version": "2.7.2",
      "resolved": "https://registry.npmjs.org/morphdom/-/morphdom-2.7.2.tgz",
      "integrity": "sha512-Dqb/lHFyTi7SZpY0a5R4I/0Edo+iPMbaUexsHHsLAByyixCDiLHPHyVoKVmrpL0THcT7V9Cgev9y21TQYq6wQg==",
      "dev": true
    }
  },
  "dependencies": {
    "@rails/actioncable": {
      "version": "7.1.3",
      "resolved": "https://registry.npmjs.org/@rails/actioncable/-/actioncable-7.1.3.tgz",
      "integrity": "sha512-ojNvnoZtPN0pYvVFtlO7dyEN9Oml1B6IDM+whGKVak69MMYW99lC2NOWXWeE3bmwEydbP/nn6ERcpfjHVjYQjA==",
      "dev": true
    },
    "@unabridged/motion": {
      "version": "0.7.1",
      "resolved": "https://registry.npmjs.org/@unabridged/motion/-/motion-0.7.1.tgz",
      "integrity": "sha512-1CC2CZLQEXT0E+FGiEp6iYSAAUphAtAa7DNt0q4HuHxP3WVQch9zERAGjl9aWYSx5sVehB15s2g0nQ5+Euu13Q==",
      "dev": true,
      "requires": {
        "@rails/actioncable": ">= 6.0",
        "morphdom": "^2.6.1"
      }
    },
    "morphdom": {
      "version": "2.7.2",
      "resolved": "https://registry.npmjs.org/morphdom/-/morphdom-2.7.2.tgz",
      "integrity": "sha512-Dqb/lHFyTi7SZpY0a5R4I/0Edo+iPMbaUexsHHsLAByyixCDiLHPHyVoKVmrpL0THcT7V9Cgev9y21TQYq6wQg==",
      "dev": true
    }
  }
}
